
Microsoft Visual Studio Solution File, Format Version 12.00
# Visual Studio Version 17
VisualStudioVersion = 17.0.31912.275
MinimumVisualStudioVersion = 10.0.40219.1
Project("{2150E333-8FDC-42A3-9474-1A3956D46DE8}") = "01-Day", "01-Day", "{7D6F9E15-52A2-4289-A052-DC46DF165BDF}"
EndProject
Project("{9A19103F-16F7-4668-BE54-9A1E7A4F7556}") = "SonarSweep", "01-Day\SonarSweep\SonarSweep.csproj", "{D942DDC5-0B4F-44B0-9562-7127AAB0AD74}"
EndProject
Project("{9A19103F-16F7-4668-BE54-9A1E7A4F7556}") = "SonarSweep.ConsoleApp", "01-Day\SonarSweep.ConsoleApp\SonarSweep.ConsoleApp.csproj", "{CCCE4EEE-4FB3-4F58-8616-07D70561CD71}"
EndProject
Project("{9A19103F-16F7-4668-BE54-9A1E7A4F7556}") = "SonarSweep.Tests", "01-Day\SonarSweep.Tests\SonarSweep.Tests.csproj", "{522D117A-910A-488A-9F5F-56D6A4AAC008}"
EndProject
Project("{2150E333-8FDC-42A3-9474-1A3956D46DE8}") = "02-Day", "02-Day", "{342A9FAE-8BFA-467C-82E6-08050DB52E7F}"
EndProject
Project("{9A19103F-16F7-4668-BE54-9A1E7A4F7556}") = "Dive", "02-Day\Dive\Dive.csproj", "{42C1A5DB-A846-4E29-A3BF-5B2A1CAEA310}"
EndProject
Project("{9A19103F-16F7-4668-BE54-9A1E7A4F7556}") = "Dive.Tests", "02-Day\Dive.Tests\Dive.Tests.csproj", "{0641BA45-22DB-4DEE-9F6B-E5D6EB44B9F9}"
EndProject
Project("{9A19103F-16F7-4668-BE54-9A1E7A4F7556}") = "Dive.ConsoleApp", "02-Day\Dive.ConsoleApp\Dive.ConsoleApp.csproj", "{C2145FFD-23EA-4063-AF8F-203F04DFCFFF}"
EndProject
Project("{9A19103F-16F7-4668-BE54-9A1E7A4F7556}") = "Dive.ConsoleApp.Tests", "02-Day\Dive.ConsoleApp.Tests\Dive.ConsoleApp.Tests.csproj", "{A87C1EB9-9DFC-49C5-8DFC-1A2B3EF25E0F}"
EndProject
Project("{2150E333-8FDC-42A3-9474-1A3956D46DE8}") = "03-Day", "03-Day", "{76DB64AF-2F24-4AE3-BAA0-65AF99139615}"
EndProject
Project("{9A19103F-16F7-4668-BE54-9A1E7A4F7556}") = "BinaryDiagnostic", "03-Day\BinaryDiagnostic\BinaryDiagnostic.csproj", "{761EC7F3-909D-402F-A9F6-C4D8BD813E86}"
EndProject
Project("{9A19103F-16F7-4668-BE54-9A1E7A4F7556}") = "BinaryDiagnostic.Tests", "BinaryDiagnostic.Tests\BinaryDiagnostic.Tests.csproj", "{4E2F11F4-3C3F-453E-A7B8-5BC1FB861BD4}"
EndProject
Project("{9A19103F-16F7-4668-BE54-9A1E7A4F7556}") = "BinaryDiagnostic.ConsoleApp", "BinaryDiagnostic.ConsoleApp\BinaryDiagnostic.ConsoleApp.csproj", "{696B3153-DFCC-421C-81EC-3826230789A9}"
EndProject
Project("{2150E333-8FDC-42A3-9474-1A3956D46DE8}") = "04-Day", "04-Day", "{DB711758-DEA4-4989-8AF5-908747E781C5}"
EndProject
Project("{FAE04EC0-301F-11D3-BF4B-00C04F79EFBC}") = "GiantSquid", "04-Day\GiantSquid\GiantSquid.csproj", "{F5BBF011-EFA9-42E4-B990-F4A0DBF876F6}"
EndProject
Project("{FAE04EC0-301F-11D3-BF4B-00C04F79EFBC}") = "GiantSquid.Tests", "04-Day\GiantSquid.Tests\GiantSquid.Tests.csproj", "{AACB1EE9-E669-4075-86F4-B175BDE1AF75}"
EndProject
Project("{FAE04EC0-301F-11D3-BF4B-00C04F79EFBC}") = "GiantSquid.ConsoleApp", "04-Day\GiantSquid.ConsoleApp\GiantSquid.ConsoleApp.csproj", "{C34868EA-F29F-4694-9B3B-A71571A24461}"
EndProject
Global
	GlobalSection(SolutionConfigurationPlatforms) = preSolution
		Debug|Any CPU = Debug|Any CPU
		Release|Any CPU = Release|Any CPU
	EndGlobalSection
	GlobalSection(ProjectConfigurationPlatforms) = postSolution
		{D942DDC5-0B4F-44B0-9562-7127AAB0AD74}.Debug|Any CPU.ActiveCfg = Debug|Any CPU
		{D942DDC5-0B4F-44B0-9562-7127AAB0AD74}.Debug|Any CPU.Build.0 = Debug|Any CPU
		{D942DDC5-0B4F-44B0-9562-7127AAB0AD74}.Release|Any CPU.ActiveCfg = Release|Any CPU
		{D942DDC5-0B4F-44B0-9562-7127AAB0AD74}.Release|Any CPU.Build.0 = Release|Any CPU
		{CCCE4EEE-4FB3-4F58-8616-07D70561CD71}.Debug|Any CPU.ActiveCfg = Debug|Any CPU
		{CCCE4EEE-4FB3-4F58-8616-07D70561CD71}.Debug|Any CPU.Build.0 = Debug|Any CPU
		{CCCE4EEE-4FB3-4F58-8616-07D70561CD71}.Release|Any CPU.ActiveCfg = Release|Any CPU
		{CCCE4EEE-4FB3-4F58-8616-07D70561CD71}.Release|Any CPU.Build.0 = Release|Any CPU
		{522D117A-910A-488A-9F5F-56D6A4AAC008}.Debug|Any CPU.ActiveCfg = Debug|Any CPU
		{522D117A-910A-488A-9F5F-56D6A4AAC008}.Debug|Any CPU.Build.0 = Debug|Any CPU
		{522D117A-910A-488A-9F5F-56D6A4AAC008}.Release|Any CPU.ActiveCfg = Release|Any CPU
		{522D117A-910A-488A-9F5F-56D6A4AAC008}.Release|Any CPU.Build.0 = Release|Any CPU
		{42C1A5DB-A846-4E29-A3BF-5B2A1CAEA310}.Debug|Any CPU.ActiveCfg = Debug|Any CPU
		{42C1A5DB-A846-4E29-A3BF-5B2A1CAEA310}.Debug|Any CPU.Build.0 = Debug|Any CPU
		{42C1A5DB-A846-4E29-A3BF-5B2A1CAEA310}.Release|Any CPU.ActiveCfg = Release|Any CPU
		{42C1A5DB-A846-4E29-A3BF-5B2A1CAEA310}.Release|Any CPU.Build.0 = Release|Any CPU
		{0641BA45-22DB-4DEE-9F6B-E5D6EB44B9F9}.Debug|Any CPU.ActiveCfg = Debug|Any CPU
		{0641BA45-22DB-4DEE-9F6B-E5D6EB44B9F9}.Debug|Any CPU.Build.0 = Debug|Any CPU
		{0641BA45-22DB-4DEE-9F6B-E5D6EB44B9F9}.Release|Any CPU.ActiveCfg = Release|Any CPU
		{0641BA45-22DB-4DEE-9F6B-E5D6EB44B9F9}.Release|Any CPU.Build.0 = Release|Any CPU
		{C2145FFD-23EA-4063-AF8F-203F04DFCFFF}.Debug|Any CPU.ActiveCfg = Debug|Any CPU
		{C2145FFD-23EA-4063-AF8F-203F04DFCFFF}.Debug|Any CPU.Build.0 = Debug|Any CPU
		{C2145FFD-23EA-4063-AF8F-203F04DFCFFF}.Release|Any CPU.ActiveCfg = Release|Any CPU
		{C2145FFD-23EA-4063-AF8F-203F04DFCFFF}.Release|Any CPU.Build.0 = Release|Any CPU
		{A87C1EB9-9DFC-49C5-8DFC-1A2B3EF25E0F}.Debug|Any CPU.ActiveCfg = Debug|Any CPU
		{A87C1EB9-9DFC-49C5-8DFC-1A2B3EF25E0F}.Debug|Any CPU.Build.0 = Debug|Any CPU
		{A87C1EB9-9DFC-49C5-8DFC-1A2B3EF25E0F}.Release|Any CPU.ActiveCfg = Release|Any CPU
		{A87C1EB9-9DFC-49C5-8DFC-1A2B3EF25E0F}.Release|Any CPU.Build.0 = Release|Any CPU
		{761EC7F3-909D-402F-A9F6-C4D8BD813E86}.Debug|Any CPU.ActiveCfg = Debug|Any CPU
		{761EC7F3-909D-402F-A9F6-C4D8BD813E86}.Debug|Any CPU.Build.0 = Debug|Any CPU
		{761EC7F3-909D-402F-A9F6-C4D8BD813E86}.Release|Any CPU.ActiveCfg = Release|Any CPU
		{761EC7F3-909D-402F-A9F6-C4D8BD813E86}.Release|Any CPU.Build.0 = Release|Any CPU
		{4E2F11F4-3C3F-453E-A7B8-5BC1FB861BD4}.Debug|Any CPU.ActiveCfg = Debug|Any CPU
		{4E2F11F4-3C3F-453E-A7B8-5BC1FB861BD4}.Debug|Any CPU.Build.0 = Debug|Any CPU
		{4E2F11F4-3C3F-453E-A7B8-5BC1FB861BD4}.Release|Any CPU.ActiveCfg = Release|Any CPU
		{4E2F11F4-3C3F-453E-A7B8-5BC1FB861BD4}.Release|Any CPU.Build.0 = Release|Any CPU
		{696B3153-DFCC-421C-81EC-3826230789A9}.Debug|Any CPU.ActiveCfg = Debug|Any CPU
		{696B3153-DFCC-421C-81EC-3826230789A9}.Debug|Any CPU.Build.0 = Debug|Any CPU
		{696B3153-DFCC-421C-81EC-3826230789A9}.Release|Any CPU.ActiveCfg = Release|Any CPU
		{696B3153-DFCC-421C-81EC-3826230789A9}.Release|Any CPU.Build.0 = Release|Any CPU
		{F5BBF011-EFA9-42E4-B990-F4A0DBF876F6}.Debug|Any CPU.ActiveCfg = Debug|Any CPU
		{F5BBF011-EFA9-42E4-B990-F4A0DBF876F6}.Debug|Any CPU.Build.0 = Debug|Any CPU
		{F5BBF011-EFA9-42E4-B990-F4A0DBF876F6}.Release|Any CPU.ActiveCfg = Release|Any CPU
		{F5BBF011-EFA9-42E4-B990-F4A0DBF876F6}.Release|Any CPU.Build.0 = Release|Any CPU
		{AACB1EE9-E669-4075-86F4-B175BDE1AF75}.Debug|Any CPU.ActiveCfg = Debug|Any CPU
		{AACB1EE9-E669-4075-86F4-B175BDE1AF75}.Debug|Any CPU.Build.0 = Debug|Any CPU
		{AACB1EE9-E669-4075-86F4-B175BDE1AF75}.Release|Any CPU.ActiveCfg = Release|Any CPU
		{AACB1EE9-E669-4075-86F4-B175BDE1AF75}.Release|Any CPU.Build.0 = Release|Any CPU
		{C34868EA-F29F-4694-9B3B-A71571A24461}.Debug|Any CPU.ActiveCfg = Debug|Any CPU
		{C34868EA-F29F-4694-9B3B-A71571A24461}.Debug|Any CPU.Build.0 = Debug|Any CPU
		{C34868EA-F29F-4694-9B3B-A71571A24461}.Release|Any CPU.ActiveCfg = Release|Any CPU
		{C34868EA-F29F-4694-9B3B-A71571A24461}.Release|Any CPU.Build.0 = Release|Any CPU
	EndGlobalSection
	GlobalSection(SolutionProperties) = preSolution
		HideSolutionNode = FALSE
	EndGlobalSection
	GlobalSection(NestedProjects) = preSolution
		{D942DDC5-0B4F-44B0-9562-7127AAB0AD74} = {7D6F9E15-52A2-4289-A052-DC46DF165BDF}
		{CCCE4EEE-4FB3-4F58-8616-07D70561CD71} = {7D6F9E15-52A2-4289-A052-DC46DF165BDF}
		{522D117A-910A-488A-9F5F-56D6A4AAC008} = {7D6F9E15-52A2-4289-A052-DC46DF165BDF}
		{42C1A5DB-A846-4E29-A3BF-5B2A1CAEA310} = {342A9FAE-8BFA-467C-82E6-08050DB52E7F}
		{0641BA45-22DB-4DEE-9F6B-E5D6EB44B9F9} = {342A9FAE-8BFA-467C-82E6-08050DB52E7F}
		{C2145FFD-23EA-4063-AF8F-203F04DFCFFF} = {342A9FAE-8BFA-467C-82E6-08050DB52E7F}
		{A87C1EB9-9DFC-49C5-8DFC-1A2B3EF25E0F} = {342A9FAE-8BFA-467C-82E6-08050DB52E7F}
		{761EC7F3-909D-402F-A9F6-C4D8BD813E86} = {76DB64AF-2F24-4AE3-BAA0-65AF99139615}
		{4E2F11F4-3C3F-453E-A7B8-5BC1FB861BD4} = {76DB64AF-2F24-4AE3-BAA0-65AF99139615}
		{696B3153-DFCC-421C-81EC-3826230789A9} = {76DB64AF-2F24-4AE3-BAA0-65AF99139615}
		{F5BBF011-EFA9-42E4-B990-F4A0DBF876F6} = {DB711758-DEA4-4989-8AF5-908747E781C5}
		{AACB1EE9-E669-4075-86F4-B175BDE1AF75} = {DB711758-DEA4-4989-8AF5-908747E781C5}
		{C34868EA-F29F-4694-9B3B-A71571A24461} = {DB711758-DEA4-4989-8AF5-908747E781C5}
	EndGlobalSection
	GlobalSection(ExtensibilityGlobals) = postSolution
		SolutionGuid = {8E1EB198-D99E-4719-B68C-C024FBC7E03B}
	EndGlobalSection
EndGlobal
